
Microsoft Visual Studio Solution File, Format Version 12.00
# Visual Studio Version 17
VisualStudioVersion = 17.1.32407.343
MinimumVisualStudioVersion = 10.0.40219.1
Project("{9A19103F-16F7-4668-BE54-9A1E7A4F7556}") = "FancyToys", "FancyToys\FancyToys\FancyToys.csproj", "{024BE645-A0E5-454A-93EB-55D9DBB68F0A}"
EndProject
Project("{2150E333-8FDC-42A3-9474-1A3956D46DE8}") = "Solution Items", "Solution Items", "{F8290E49-7B43-49D2-BDBF-AE7769843E23}"
	ProjectSection(SolutionItems) = preProject
		.editorconfig = .editorconfig
	EndProjectSection
EndProject
Project("{9A19103F-16F7-4668-BE54-9A1E7A4F7556}") = "FancyTest", "FancyTest\FancyTest.csproj", "{2065C3C2-E5E1-4D1D-AE50-23D3482B5F3F}"
EndProject
Global
	GlobalSection(SolutionConfigurationPlatforms) = preSolution
		Debug|Any CPU = Debug|Any CPU
		Debug|arm64 = Debug|arm64
		Debug|x64 = Debug|x64
		Debug|x86 = Debug|x86
		Release|Any CPU = Release|Any CPU
		Release|arm64 = Release|arm64
		Release|x64 = Release|x64
		Release|x86 = Release|x86
	EndGlobalSection
	GlobalSection(ProjectConfigurationPlatforms) = postSolution
		{024BE645-A0E5-454A-93EB-55D9DBB68F0A}.Debug|Any CPU.ActiveCfg = Debug|x64
		{024BE645-A0E5-454A-93EB-55D9DBB68F0A}.Debug|Any CPU.Build.0 = Debug|x64
		{024BE645-A0E5-454A-93EB-55D9DBB68F0A}.Debug|arm64.ActiveCfg = Debug|arm64
		{024BE645-A0E5-454A-93EB-55D9DBB68F0A}.Debug|arm64.Build.0 = Debug|arm64
		{024BE645-A0E5-454A-93EB-55D9DBB68F0A}.Debug|x64.ActiveCfg = Debug|x64
		{024BE645-A0E5-454A-93EB-55D9DBB68F0A}.Debug|x64.Build.0 = Debug|x64
		{024BE645-A0E5-454A-93EB-55D9DBB68F0A}.Debug|x64.Deploy.0 = Debug|x64
		{024BE645-A0E5-454A-93EB-55D9DBB68F0A}.Debug|x86.ActiveCfg = Debug|x86
		{024BE645-A0E5-454A-93EB-55D9DBB68F0A}.Debug|x86.Build.0 = Debug|x86
		{024BE645-A0E5-454A-93EB-55D9DBB68F0A}.Release|Any CPU.ActiveCfg = Release|x64
		{024BE645-A0E5-454A-93EB-55D9DBB68F0A}.Release|Any CPU.Build.0 = Release|x64
		{024BE645-A0E5-454A-93EB-55D9DBB68F0A}.Release|arm64.ActiveCfg = Release|arm64
		{024BE645-A0E5-454A-93EB-55D9DBB68F0A}.Release|arm64.Build.0 = Release|arm64
		{024BE645-A0E5-454A-93EB-55D9DBB68F0A}.Release|x64.ActiveCfg = Release|x64
		{024BE645-A0E5-454A-93EB-55D9DBB68F0A}.Release|x64.Build.0 = Release|x64
		{024BE645-A0E5-454A-93EB-55D9DBB68F0A}.Release|x86.ActiveCfg = Release|x86
		{024BE645-A0E5-454A-93EB-55D9DBB68F0A}.Release|x86.Build.0 = Release|x86
		{2065C3C2-E5E1-4D1D-AE50-23D3482B5F3F}.Debug|Any CPU.ActiveCfg = Debug|Any CPU
		{2065C3C2-E5E1-4D1D-AE50-23D3482B5F3F}.Debug|Any CPU.Build.0 = Debug|Any CPU
		{2065C3C2-E5E1-4D1D-AE50-23D3482B5F3F}.Debug|arm64.ActiveCfg = Debug|Any CPU
		{2065C3C2-E5E1-4D1D-AE50-23D3482B5F3F}.Debug|arm64.Build.0 = Debug|Any CPU
		{2065C3C2-E5E1-4D1D-AE50-23D3482B5F3F}.Debug|x64.ActiveCfg = Debug|Any CPU
		{2065C3C2-E5E1-4D1D-AE50-23D3482B5F3F}.Debug|x64.Build.0 = Debug|Any CPU
		{2065C3C2-E5E1-4D1D-AE50-23D3482B5F3F}.Debug|x86.ActiveCfg = Debug|Any CPU
		{2065C3C2-E5E1-4D1D-AE50-23D3482B5F3F}.Debug|x86.Build.0 = Debug|Any CPU
		{2065C3C2-E5E1-4D1D-AE50-23D3482B5F3F}.Release|Any CPU.ActiveCfg = Release|Any CPU
		{2065C3C2-E5E1-4D1D-AE50-23D3482B5F3F}.Release|Any CPU.Build.0 = Release|Any CPU
		{2065C3C2-E5E1-4D1D-AE50-23D3482B5F3F}.Release|arm64.ActiveCfg = Release|Any CPU
		{2065C3C2-E5E1-4D1D-AE50-23D3482B5F3F}.Release|arm64.Build.0 = Release|Any CPU
		{2065C3C2-E5E1-4D1D-AE50-23D3482B5F3F}.Release|x64.ActiveCfg = Release|Any CPU
		{2065C3C2-E5E1-4D1D-AE50-23D3482B5F3F}.Release|x64.Build.0 = Release|Any CPU
		{2065C3C2-E5E1-4D1D-AE50-23D3482B5F3F}.Release|x86.ActiveCfg = Release|Any CPU
		{2065C3C2-E5E1-4D1D-AE50-23D3482B5F3F}.Release|x86.Build.0 = Release|Any CPU
	EndGlobalSection
	GlobalSection(SolutionProperties) = preSolution
		HideSolutionNode = FALSE
	EndGlobalSection
	GlobalSection(ExtensibilityGlobals) = postSolution
		SolutionGuid = {A145B681-2976-49C2-A73F-85EAB0D6E39A}
	EndGlobalSection
EndGlobal
